
Microsoft Visual Studio Solution File, Format Version 12.00
# Visual Studio 14
VisualStudioVersion = 14.0.25420.1
MinimumVisualStudioVersion = 10.0.40219.1
Project("{FAE04EC0-301F-11D3-BF4B-00C04F79EFBC}") = "ChangeCalculator", "ChangeCalculator\ChangeCalculator.csproj", "{738D3E29-F2B8-4D5D-88A8-80B70C351A34}"
EndProject
Global
	GlobalSection(SolutionConfigurationPlatforms) = preSolution
		Debug|Any CPU = Debug|Any CPU
		Release|Any CPU = Release|Any CPU
	EndGlobalSection
	GlobalSection(ProjectConfigurationPlatforms) = postSolution
		{738D3E29-F2B8-4D5D-88A8-80B70C351A34}.Debug|Any CPU.ActiveCfg = Debug|Any CPU
		{738D3E29-F2B8-4D5D-88A8-80B70C351A34}.Debug|Any CPU.Build.0 = Debug|Any CPU
		{738D3E29-F2B8-4D5D-88A8-80B70C351A34}.Release|Any CPU.ActiveCfg = Release|Any CPU
		{738D3E29-F2B8-4D5D-88A8-80B70C351A34}.Release|Any CPU.Build.0 = Release|Any CPU
	EndGlobalSection
	GlobalSection(SolutionProperties) = preSolution
		HideSolutionNode = FALSE
	EndGlobalSection
EndGlobal
